
Microsoft Visual Studio Solution File, Format Version 12.00
# Visual Studio 14
VisualStudioVersion = 14.0.24720.0
MinimumVisualStudioVersion = 10.0.40219.1
Project("{8BB2217D-0F2D-49D1-97BC-3654ED321F3B}") = "TrailConsole", "TrailConsole\TrailConsole.xproj", "{D158ACE1-3D93-45ED-8180-B36D58DF7C20}"
EndProject
Project("{8BB2217D-0F2D-49D1-97BC-3654ED321F3B}") = "TrailSimulation", "TrailSimulation\TrailSimulation.xproj", "{8C83DCC3-D1BC-4EBD-8D0A-00AF9C17F76D}"
EndProject
Project("{8BB2217D-0F2D-49D1-97BC-3654ED321F3B}") = "WolfCurses", "WolfCurses\WolfCurses\WolfCurses.xproj", "{D4266FF2-09F7-484F-B16C-E63F47905C06}"
EndProject
Project("{2150E333-8FDC-42A3-9474-1A3956D46DE8}") = "Solution Items", "Solution Items", "{80FC8C39-2152-4F9B-B527-C214BE07286A}"
	ProjectSection(SolutionItems) = preProject
		global.json = global.json
	EndProjectSection
EndProject
Global
	GlobalSection(SolutionConfigurationPlatforms) = preSolution
		Debug|Any CPU = Debug|Any CPU
		Release|Any CPU = Release|Any CPU
	EndGlobalSection
	GlobalSection(ProjectConfigurationPlatforms) = postSolution
		{D158ACE1-3D93-45ED-8180-B36D58DF7C20}.Debug|Any CPU.ActiveCfg = Debug|Any CPU
		{D158ACE1-3D93-45ED-8180-B36D58DF7C20}.Debug|Any CPU.Build.0 = Debug|Any CPU
		{D158ACE1-3D93-45ED-8180-B36D58DF7C20}.Release|Any CPU.ActiveCfg = Release|Any CPU
		{D158ACE1-3D93-45ED-8180-B36D58DF7C20}.Release|Any CPU.Build.0 = Release|Any CPU
		{8C83DCC3-D1BC-4EBD-8D0A-00AF9C17F76D}.Debug|Any CPU.ActiveCfg = Debug|Any CPU
		{8C83DCC3-D1BC-4EBD-8D0A-00AF9C17F76D}.Debug|Any CPU.Build.0 = Debug|Any CPU
		{8C83DCC3-D1BC-4EBD-8D0A-00AF9C17F76D}.Release|Any CPU.ActiveCfg = Release|Any CPU
		{8C83DCC3-D1BC-4EBD-8D0A-00AF9C17F76D}.Release|Any CPU.Build.0 = Release|Any CPU
		{D4266FF2-09F7-484F-B16C-E63F47905C06}.Debug|Any CPU.ActiveCfg = Debug|Any CPU
		{D4266FF2-09F7-484F-B16C-E63F47905C06}.Debug|Any CPU.Build.0 = Debug|Any CPU
		{D4266FF2-09F7-484F-B16C-E63F47905C06}.Release|Any CPU.ActiveCfg = Release|Any CPU
		{D4266FF2-09F7-484F-B16C-E63F47905C06}.Release|Any CPU.Build.0 = Release|Any CPU
	EndGlobalSection
	GlobalSection(SolutionProperties) = preSolution
		HideSolutionNode = FALSE
	EndGlobalSection
EndGlobal
