
Microsoft Visual Studio Solution File, Format Version 12.00
# Visual Studio Version 18
VisualStudioVersion = 18.7.11925.98
MinimumVisualStudioVersion = 10.0.40219.1
Project("{9A19103F-16F7-4668-BE54-9A1E7A4F7556}") = "OregonTrailDotNet", "src\OregonTrailDotNet\OregonTrailDotNet.csproj", "{E96FC120-13EB-4F82-80F4-F0E3DE17737E}"
EndProject
Project("{2150E333-8FDC-42A3-9474-1A3956D46DE8}") = "tests", "tests", "{0AB3BF05-4346-4AA6-1389-037BE0695223}"
EndProject
Project("{FAE04EC0-301F-11D3-BF4B-00C04F79EFBC}") = "OregonTrailDotNet.Tests", "tests\OregonTrailDotNet.Tests\OregonTrailDotNet.Tests.csproj", "{4652DFE8-3B4C-4405-976D-9B766ED1713B}"
EndProject
Project("{2150E333-8FDC-42A3-9474-1A3956D46DE8}") = "src", "src", "{827E0CD3-B72D-47B6-A68D-7590B98EB39B}"
EndProject
Project("{2150E333-8FDC-42A3-9474-1A3956D46DE8}") = "bot", "bot", "{D3E09356-6418-F4F5-DDE9-09D519799B74}"
EndProject
Project("{FAE04EC0-301F-11D3-BF4B-00C04F79EFBC}") = "OregonTrailDotNet.Bot", "bot\OregonTrailDotNet.Bot\OregonTrailDotNet.Bot.csproj", "{B01C3F6A-3740-4DB5-86FC-D93B752F3D3F}"
EndProject
Project("{FAE04EC0-301F-11D3-BF4B-00C04F79EFBC}") = "OregonTrailDotNet.Bot.Tests", "tests\OregonTrailDotNet.Bot.Tests\OregonTrailDotNet.Bot.Tests.csproj", "{BD73B5F8-3770-4CAC-8953-5DC802E1AAC4}"
EndProject
Project("{FAE04EC0-301F-11D3-BF4B-00C04F79EFBC}") = "OregonTrailDotNet.Minigames", "src\OregonTrailDotNet.Minigames\OregonTrailDotNet.Minigames.csproj", "{E3B7FC53-9D2D-46E7-B1A8-C5F51B2358F9}"
EndProject
Project("{FAE04EC0-301F-11D3-BF4B-00C04F79EFBC}") = "OregonTrailDotNet.Assets", "src\OregonTrailDotNet.Assets\OregonTrailDotNet.Assets.csproj", "{8DBC3416-DAA3-496F-9438-171277C2F9E7}"
EndProject
Global
	GlobalSection(SolutionConfigurationPlatforms) = preSolution
		Debug|Any CPU = Debug|Any CPU
		Debug|x64 = Debug|x64
		Debug|x86 = Debug|x86
		Release|Any CPU = Release|Any CPU
		Release|x64 = Release|x64
		Release|x86 = Release|x86
	EndGlobalSection
	GlobalSection(ProjectConfigurationPlatforms) = postSolution
		{E96FC120-13EB-4F82-80F4-F0E3DE17737E}.Debug|Any CPU.ActiveCfg = Debug|Any CPU
		{E96FC120-13EB-4F82-80F4-F0E3DE17737E}.Debug|Any CPU.Build.0 = Debug|Any CPU
		{E96FC120-13EB-4F82-80F4-F0E3DE17737E}.Debug|x64.ActiveCfg = Debug|Any CPU
		{E96FC120-13EB-4F82-80F4-F0E3DE17737E}.Debug|x64.Build.0 = Debug|Any CPU
		{E96FC120-13EB-4F82-80F4-F0E3DE17737E}.Debug|x86.ActiveCfg = Debug|Any CPU
		{E96FC120-13EB-4F82-80F4-F0E3DE17737E}.Debug|x86.Build.0 = Debug|Any CPU
		{E96FC120-13EB-4F82-80F4-F0E3DE17737E}.Release|Any CPU.ActiveCfg = Release|Any CPU
		{E96FC120-13EB-4F82-80F4-F0E3DE17737E}.Release|Any CPU.Build.0 = Release|Any CPU
		{E96FC120-13EB-4F82-80F4-F0E3DE17737E}.Release|x64.ActiveCfg = Release|Any CPU
		{E96FC120-13EB-4F82-80F4-F0E3DE17737E}.Release|x64.Build.0 = Release|Any CPU
		{E96FC120-13EB-4F82-80F4-F0E3DE17737E}.Release|x86.ActiveCfg = Release|Any CPU
		{E96FC120-13EB-4F82-80F4-F0E3DE17737E}.Release|x86.Build.0 = Release|Any CPU
		{4652DFE8-3B4C-4405-976D-9B766ED1713B}.Debug|Any CPU.ActiveCfg = Debug|Any CPU
		{4652DFE8-3B4C-4405-976D-9B766ED1713B}.Debug|Any CPU.Build.0 = Debug|Any CPU
		{4652DFE8-3B4C-4405-976D-9B766ED1713B}.Debug|x64.ActiveCfg = Debug|Any CPU
		{4652DFE8-3B4C-4405-976D-9B766ED1713B}.Debug|x64.Build.0 = Debug|Any CPU
		{4652DFE8-3B4C-4405-976D-9B766ED1713B}.Debug|x86.ActiveCfg = Debug|Any CPU
		{4652DFE8-3B4C-4405-976D-9B766ED1713B}.Debug|x86.Build.0 = Debug|Any CPU
		{4652DFE8-3B4C-4405-976D-9B766ED1713B}.Release|Any CPU.ActiveCfg = Release|Any CPU
		{4652DFE8-3B4C-4405-976D-9B766ED1713B}.Release|Any CPU.Build.0 = Release|Any CPU
		{4652DFE8-3B4C-4405-976D-9B766ED1713B}.Release|x64.ActiveCfg = Release|Any CPU
		{4652DFE8-3B4C-4405-976D-9B766ED1713B}.Release|x64.Build.0 = Release|Any CPU
		{4652DFE8-3B4C-4405-976D-9B766ED1713B}.Release|x86.ActiveCfg = Release|Any CPU
		{4652DFE8-3B4C-4405-976D-9B766ED1713B}.Release|x86.Build.0 = Release|Any CPU
		{B01C3F6A-3740-4DB5-86FC-D93B752F3D3F}.Debug|Any CPU.ActiveCfg = Debug|Any CPU
		{B01C3F6A-3740-4DB5-86FC-D93B752F3D3F}.Debug|Any CPU.Build.0 = Debug|Any CPU
		{B01C3F6A-3740-4DB5-86FC-D93B752F3D3F}.Debug|x64.ActiveCfg = Debug|Any CPU
		{B01C3F6A-3740-4DB5-86FC-D93B752F3D3F}.Debug|x64.Build.0 = Debug|Any CPU
		{B01C3F6A-3740-4DB5-86FC-D93B752F3D3F}.Debug|x86.ActiveCfg = Debug|Any CPU
		{B01C3F6A-3740-4DB5-86FC-D93B752F3D3F}.Debug|x86.Build.0 = Debug|Any CPU
		{B01C3F6A-3740-4DB5-86FC-D93B752F3D3F}.Release|Any CPU.ActiveCfg = Release|Any CPU
		{B01C3F6A-3740-4DB5-86FC-D93B752F3D3F}.Release|Any CPU.Build.0 = Release|Any CPU
		{B01C3F6A-3740-4DB5-86FC-D93B752F3D3F}.Release|x64.ActiveCfg = Release|Any CPU
		{B01C3F6A-3740-4DB5-86FC-D93B752F3D3F}.Release|x64.Build.0 = Release|Any CPU
		{B01C3F6A-3740-4DB5-86FC-D93B752F3D3F}.Release|x86.ActiveCfg = Release|Any CPU
		{B01C3F6A-3740-4DB5-86FC-D93B752F3D3F}.Release|x86.Build.0 = Release|Any CPU
		{BD73B5F8-3770-4CAC-8953-5DC802E1AAC4}.Debug|Any CPU.ActiveCfg = Debug|Any CPU
		{BD73B5F8-3770-4CAC-8953-5DC802E1AAC4}.Debug|Any CPU.Build.0 = Debug|Any CPU
		{BD73B5F8-3770-4CAC-8953-5DC802E1AAC4}.Debug|x64.ActiveCfg = Debug|Any CPU
		{BD73B5F8-3770-4CAC-8953-5DC802E1AAC4}.Debug|x64.Build.0 = Debug|Any CPU
		{BD73B5F8-3770-4CAC-8953-5DC802E1AAC4}.Debug|x86.ActiveCfg = Debug|Any CPU
		{BD73B5F8-3770-4CAC-8953-5DC802E1AAC4}.Debug|x86.Build.0 = Debug|Any CPU
		{BD73B5F8-3770-4CAC-8953-5DC802E1AAC4}.Release|Any CPU.ActiveCfg = Release|Any CPU
		{BD73B5F8-3770-4CAC-8953-5DC802E1AAC4}.Release|Any CPU.Build.0 = Release|Any CPU
		{BD73B5F8-3770-4CAC-8953-5DC802E1AAC4}.Release|x64.ActiveCfg = Release|Any CPU
		{BD73B5F8-3770-4CAC-8953-5DC802E1AAC4}.Release|x64.Build.0 = Release|Any CPU
		{BD73B5F8-3770-4CAC-8953-5DC802E1AAC4}.Release|x86.ActiveCfg = Release|Any CPU
		{BD73B5F8-3770-4CAC-8953-5DC802E1AAC4}.Release|x86.Build.0 = Release|Any CPU
		{E3B7FC53-9D2D-46E7-B1A8-C5F51B2358F9}.Debug|Any CPU.ActiveCfg = Debug|Any CPU
		{E3B7FC53-9D2D-46E7-B1A8-C5F51B2358F9}.Debug|Any CPU.Build.0 = Debug|Any CPU
		{E3B7FC53-9D2D-46E7-B1A8-C5F51B2358F9}.Debug|x64.ActiveCfg = Debug|Any CPU
		{E3B7FC53-9D2D-46E7-B1A8-C5F51B2358F9}.Debug|x64.Build.0 = Debug|Any CPU
		{E3B7FC53-9D2D-46E7-B1A8-C5F51B2358F9}.Debug|x86.ActiveCfg = Debug|Any CPU
		{E3B7FC53-9D2D-46E7-B1A8-C5F51B2358F9}.Debug|x86.Build.0 = Debug|Any CPU
		{E3B7FC53-9D2D-46E7-B1A8-C5F51B2358F9}.Release|Any CPU.ActiveCfg = Release|Any CPU
		{E3B7FC53-9D2D-46E7-B1A8-C5F51B2358F9}.Release|Any CPU.Build.0 = Release|Any CPU
		{E3B7FC53-9D2D-46E7-B1A8-C5F51B2358F9}.Release|x64.ActiveCfg = Release|Any CPU
		{E3B7FC53-9D2D-46E7-B1A8-C5F51B2358F9}.Release|x64.Build.0 = Release|Any CPU
		{E3B7FC53-9D2D-46E7-B1A8-C5F51B2358F9}.Release|x86.ActiveCfg = Release|Any CPU
		{E3B7FC53-9D2D-46E7-B1A8-C5F51B2358F9}.Release|x86.Build.0 = Release|Any CPU
		{8DBC3416-DAA3-496F-9438-171277C2F9E7}.Debug|Any CPU.ActiveCfg = Debug|Any CPU
		{8DBC3416-DAA3-496F-9438-171277C2F9E7}.Debug|Any CPU.Build.0 = Debug|Any CPU
		{8DBC3416-DAA3-496F-9438-171277C2F9E7}.Debug|x64.ActiveCfg = Debug|Any CPU
		{8DBC3416-DAA3-496F-9438-171277C2F9E7}.Debug|x64.Build.0 = Debug|Any CPU
		{8DBC3416-DAA3-496F-9438-171277C2F9E7}.Debug|x86.ActiveCfg = Debug|Any CPU
		{8DBC3416-DAA3-496F-9438-171277C2F9E7}.Debug|x86.Build.0 = Debug|Any CPU
		{8DBC3416-DAA3-496F-9438-171277C2F9E7}.Release|Any CPU.ActiveCfg = Release|Any CPU
		{8DBC3416-DAA3-496F-9438-171277C2F9E7}.Release|Any CPU.Build.0 = Release|Any CPU
		{8DBC3416-DAA3-496F-9438-171277C2F9E7}.Release|x64.ActiveCfg = Release|Any CPU
		{8DBC3416-DAA3-496F-9438-171277C2F9E7}.Release|x64.Build.0 = Release|Any CPU
		{8DBC3416-DAA3-496F-9438-171277C2F9E7}.Release|x86.ActiveCfg = Release|Any CPU
		{8DBC3416-DAA3-496F-9438-171277C2F9E7}.Release|x86.Build.0 = Release|Any CPU
	EndGlobalSection
	GlobalSection(SolutionProperties) = preSolution
		HideSolutionNode = FALSE
	EndGlobalSection
	GlobalSection(NestedProjects) = preSolution
		{E96FC120-13EB-4F82-80F4-F0E3DE17737E} = {827E0CD3-B72D-47B6-A68D-7590B98EB39B}
		{4652DFE8-3B4C-4405-976D-9B766ED1713B} = {0AB3BF05-4346-4AA6-1389-037BE0695223}
		{B01C3F6A-3740-4DB5-86FC-D93B752F3D3F} = {D3E09356-6418-F4F5-DDE9-09D519799B74}
		{BD73B5F8-3770-4CAC-8953-5DC802E1AAC4} = {0AB3BF05-4346-4AA6-1389-037BE0695223}
		{E3B7FC53-9D2D-46E7-B1A8-C5F51B2358F9} = {827E0CD3-B72D-47B6-A68D-7590B98EB39B}
		{8DBC3416-DAA3-496F-9438-171277C2F9E7} = {827E0CD3-B72D-47B6-A68D-7590B98EB39B}
	EndGlobalSection
	GlobalSection(ExtensibilityGlobals) = postSolution
		SolutionGuid = {DE7D6F56-2D6F-4693-BA9C-068C3D83B4DE}
	EndGlobalSection
EndGlobal
