
Microsoft Visual Studio Solution File, Format Version 12.00
# Visual Studio 14
VisualStudioVersion = 14.0.24720.0
MinimumVisualStudioVersion = 10.0.40219.1
Project("{FAE04EC0-301F-11D3-BF4B-00C04F79EFBC}") = "TrailSimulation", "TrailSimulation\TrailSimulation.csproj", "{8DFA19AE-2E70-4DCA-A734-DD2CBE3E21ED}"
EndProject
Project("{FAE04EC0-301F-11D3-BF4B-00C04F79EFBC}") = "TrailConsole", "TrailConsole\TrailConsole.csproj", "{DD3975F5-C52D-4F39-AE21-D9F5148F9D65}"
EndProject
Global
	GlobalSection(SolutionConfigurationPlatforms) = preSolution
		Debug|Any CPU = Debug|Any CPU
		Release|Any CPU = Release|Any CPU
	EndGlobalSection
	GlobalSection(ProjectConfigurationPlatforms) = postSolution
		{8DFA19AE-2E70-4DCA-A734-DD2CBE3E21ED}.Debug|Any CPU.ActiveCfg = Debug|Any CPU
		{8DFA19AE-2E70-4DCA-A734-DD2CBE3E21ED}.Debug|Any CPU.Build.0 = Debug|Any CPU
		{8DFA19AE-2E70-4DCA-A734-DD2CBE3E21ED}.Release|Any CPU.ActiveCfg = Release|Any CPU
		{8DFA19AE-2E70-4DCA-A734-DD2CBE3E21ED}.Release|Any CPU.Build.0 = Release|Any CPU
		{DD3975F5-C52D-4F39-AE21-D9F5148F9D65}.Debug|Any CPU.ActiveCfg = Debug|Any CPU
		{DD3975F5-C52D-4F39-AE21-D9F5148F9D65}.Debug|Any CPU.Build.0 = Debug|Any CPU
		{DD3975F5-C52D-4F39-AE21-D9F5148F9D65}.Release|Any CPU.ActiveCfg = Release|Any CPU
		{DD3975F5-C52D-4F39-AE21-D9F5148F9D65}.Release|Any CPU.Build.0 = Release|Any CPU
	EndGlobalSection
	GlobalSection(SolutionProperties) = preSolution
		HideSolutionNode = FALSE
	EndGlobalSection
EndGlobal
